// !$*UTF8*$!
{
	archiveVersion = 1;
	classes = {
	};
	objectVersion = 55;
	objects = {

/* Begin PBXBuildFile section */
		23A0F64F2799711B0044662A /* RetroBubbleTextApp.swift in Sources */ = {isa = PBXBuildFile; fileRef = 23A0F63F2799711A0044662A /* RetroBubbleTextApp.swift */; };
		23A0F6502799711B0044662A /* RetroBubbleTextApp.swift in Sources */ = {isa = PBXBuildFile; fileRef = 23A0F63F2799711A0044662A /* RetroBubbleTextApp.swift */; };
		23A0F6512799711B0044662A /* ContentView.swift in Sources */ = {isa = PBXBuildFile; fileRef = 23A0F6402799711A0044662A /* ContentView.swift */; };
		23A0F6522799711B0044662A /* ContentView.swift in Sources */ = {isa = PBXBuildFile; fileRef = 23A0F6402799711A0044662A /* ContentView.swift */; };
		23A0F6532799711B0044662A /* Assets.xcassets in Resources */ = {isa = PBXBuildFile; fileRef = 23A0F6412799711B0044662A /* Assets.xcassets */; };
		23A0F6542799711B0044662A /* Assets.xcassets in Resources */ = {isa = PBXBuildFile; fileRef = 23A0F6412799711B0044662A /* Assets.xcassets */; };
		23A0F65E2799712D0044662A /* RetroBubbleText.swift in Sources */ = {isa = PBXBuildFile; fileRef = 23A0F65D2799712D0044662A /* RetroBubbleText.swift */; };
		23A0F65F2799712D0044662A /* RetroBubbleText.swift in Sources */ = {isa = PBXBuildFile; fileRef = 23A0F65D2799712D0044662A /* RetroBubbleText.swift */; };
/* End PBXBuildFile section */

/* Begin PBXFileReference section */
		23A0F63F2799711A0044662A /* RetroBubbleTextApp.swift */ = {isa = PBXFileReference; lastKnownFileType = sourcecode.swift; path = RetroBubbleTextApp.swift; sourceTree = "<group>"; };
		23A0F6402799711A0044662A /* ContentView.swift */ = {isa = PBXFileReference; lastKnownFileType = sourcecode.swift; path = ContentView.swift; sourceTree = "<group>"; };
		23A0F6412799711B0044662A /* Assets.xcassets */ = {isa = PBXFileReference; lastKnownFileType = folder.assetcatalog; path = Assets.xcassets; sourceTree = "<group>"; };
		23A0F6462799711B0044662A /* RetroBubbleText.app */ = {isa = PBXFileReference; explicitFileType = wrapper.application; includeInIndex = 0; path = RetroBubbleText.app; sourceTree = BUILT_PRODUCTS_DIR; };
		23A0F64C2799711B0044662A /* RetroBubbleText.app */ = {isa = PBXFileReference; explicitFileType = wrapper.application; includeInIndex = 0; path = RetroBubbleText.app; sourceTree = BUILT_PRODUCTS_DIR; };
		23A0F64E2799711B0044662A /* macOS.entitlements */ = {isa = PBXFileReference; lastKnownFileType = text.plist.entitlements; path = macOS.entitlements; sourceTree = "<group>"; };
		23A0F65D2799712D0044662A /* RetroBubbleText.swift */ = {isa = PBXFileReference; lastKnownFileType = sourcecode.swift; path = RetroBubbleText.swift; sourceTree = "<group>"; };
		23A0F660279973D30044662A /* README.md */ = {isa = PBXFileReference; lastKnownFileType = net.daringfireball.markdown; path = README.md; sourceTree = "<group>"; };
/* End PBXFileReference section */

/* Begin PBXFrameworksBuildPhase section */
		23A0F6432799711B0044662A /* Frameworks */ = {
			isa = PBXFrameworksBuildPhase;
			buildActionMask = 2147483647;
			files = (
			);
			runOnlyForDeploymentPostprocessing = 0;
		};
		23A0F6492799711B0044662A /* Frameworks */ = {
			isa = PBXFrameworksBuildPhase;
			buildActionMask = 2147483647;
			files = (
			);
			runOnlyForDeploymentPostprocessing = 0;
		};
/* End PBXFrameworksBuildPhase section */

/* Begin PBXGroup section */
		23A0F6392799711A0044662A = {
			isa = PBXGroup;
			children = (
				23A0F660279973D30044662A /* README.md */,
				23A0F63E2799711A0044662A /* Shared */,
				23A0F64D2799711B0044662A /* macOS */,
				23A0F6472799711B0044662A /* Products */,
			);
			sourceTree = "<group>";
		};
		23A0F63E2799711A0044662A /* Shared */ = {
			isa = PBXGroup;
			children = (
				23A0F63F2799711A0044662A /* RetroBubbleTextApp.swift */,
				23A0F6402799711A0044662A /* ContentView.swift */,
				23A0F65D2799712D0044662A /* RetroBubbleText.swift */,
				23A0F6412799711B0044662A /* Assets.xcassets */,
			);
			path = Shared;
			sourceTree = "<group>";
		};
		23A0F6472799711B0044662A /* Products */ = {
			isa = PBXGroup;
			children = (
				23A0F6462799711B0044662A /* RetroBubbleText.app */,
				23A0F64C2799711B0044662A /* RetroBubbleText.app */,
			);
			name = Products;
			sourceTree = "<group>";
		};
		23A0F64D2799711B0044662A /* macOS */ = {
			isa = PBXGroup;
			children = (
				23A0F64E2799711B0044662A /* macOS.entitlements */,
			);
			path = macOS;
			sourceTree = "<group>";
		};
/* End PBXGroup section */

/* Begin PBXNativeTarget section */
		23A0F6452799711B0044662A /* RetroBubbleText (iOS) */ = {
			isa = PBXNativeTarget;
			buildConfigurationList = 23A0F6572799711B0044662A /* Build configuration list for PBXNativeTarget "RetroBubbleText (iOS)" */;
			buildPhases = (
				23A0F6422799711B0044662A /* Sources */,
				23A0F6432799711B0044662A /* Frameworks */,
				23A0F6442799711B0044662A /* Resources */,
			);
			buildRules = (
			);
			dependencies = (
			);
			name = "RetroBubbleText (iOS)";
			productName = "RetroBubbleText (iOS)";
			productReference = 23A0F6462799711B0044662A /* RetroBubbleText.app */;
			productType = "com.apple.product-type.application";
		};
		23A0F64B2799711B0044662A /* RetroBubbleText (macOS) */ = {
			isa = PBXNativeTarget;
			buildConfigurationList = 23A0F65A2799711B0044662A /* Build configuration list for PBXNativeTarget "RetroBubbleText (macOS)" */;
			buildPhases = (
				23A0F6482799711B0044662A /* Sources */,
				23A0F6492799711B0044662A /* Frameworks */,
				23A0F64A2799711B0044662A /* Resources */,
			);
			buildRules = (
			);
			dependencies = (
			);
			name = "RetroBubbleText (macOS)";
			productName = "RetroBubbleText (macOS)";
			productReference = 23A0F64C2799711B0044662A /* RetroBubbleText.app */;
			productType = "com.apple.product-type.application";
		};
/* End PBXNativeTarget section */

/* Begin PBXProject section */
		23A0F63A2799711A0044662A /* Project object */ = {
			isa = PBXProject;
			attributes = {
				BuildIndependentTargetsInParallel = 1;
				LastSwiftUpdateCheck = 1320;
				LastUpgradeCheck = 1320;
				TargetAttributes = {
					23A0F6452799711B0044662A = {
						CreatedOnToolsVersion = 13.2;
					};
					23A0F64B2799711B0044662A = {
						CreatedOnToolsVersion = 13.2;
					};
				};
			};
			buildConfigurationList = 23A0F63D2799711A0044662A /* Build configuration list for PBXProject "RetroBubbleText" */;
			compatibilityVersion = "Xcode 13.0";
			developmentRegion = en;
			hasScannedForEncodings = 0;
			knownRegions = (
				en,
				Base,
			);
			mainGroup = 23A0F6392799711A0044662A;
			productRefGroup = 23A0F6472799711B0044662A /* Products */;
			projectDirPath = "";
			projectRoot = "";
			targets = (
				23A0F6452799711B0044662A /* RetroBubbleText (iOS) */,
				23A0F64B2799711B0044662A /* RetroBubbleText (macOS) */,
			);
		};
/* End PBXProject section */

/* Begin PBXResourcesBuildPhase section */
		23A0F6442799711B0044662A /* Resources */ = {
			isa = PBXResourcesBuildPhase;
			buildActionMask = 2147483647;
			files = (
				23A0F6532799711B0044662A /* Assets.xcassets in Resources */,
			);
			runOnlyForDeploymentPostprocessing = 0;
		};
		23A0F64A2799711B0044662A /* Resources */ = {
			isa = PBXResourcesBuildPhase;
			buildActionMask = 2147483647;
			files = (
				23A0F6542799711B0044662A /* Assets.xcassets in Resources */,
			);
			runOnlyForDeploymentPostprocessing = 0;
		};
/* End PBXResourcesBuildPhase section */

/* Begin PBXSourcesBuildPhase section */
		23A0F6422799711B0044662A /* Sources */ = {
			isa = PBXSourcesBuildPhase;
			buildActionMask = 2147483647;
			files = (
				23A0F6512799711B0044662A /* ContentView.swift in Sources */,
				23A0F64F2799711B0044662A /* RetroBubbleTextApp.swift in Sources */,
				23A0F65E2799712D0044662A /* RetroBubbleText.swift in Sources */,
			);
			runOnlyForDeploymentPostprocessing = 0;
		};
		23A0F6482799711B0044662A /* Sources */ = {
			isa = PBXSourcesBuildPhase;
			buildActionMask = 2147483647;
			files = (
				23A0F6522799711B0044662A /* ContentView.swift in Sources */,
				23A0F6502799711B0044662A /* RetroBubbleTextApp.swift in Sources */,
				23A0F65F2799712D0044662A /* RetroBubbleText.swift in Sources */,
			);
			runOnlyForDeploymentPostprocessing = 0;
		};
/* End PBXSourcesBuildPhase section */

/* Begin XCBuildConfiguration section */
		23A0F6552799711B0044662A /* Debug */ = {
			isa = XCBuildConfiguration;
			buildSettings = {
				ALWAYS_SEARCH_USER_PATHS = NO;
				CLANG_ANALYZER_NONNULL = YES;
				CLANG_ANALYZER_NUMBER_OBJECT_CONVERSION = YES_AGGRESSIVE;
				CLANG_CXX_LANGUAGE_STANDARD = "gnu++17";
				CLANG_CXX_LIBRARY = "libc++";
				CLANG_ENABLE_MODULES = YES;
				CLANG_ENABLE_OBJC_ARC = YES;
				CLANG_ENABLE_OBJC_WEAK = YES;
				CLANG_WARN_BLOCK_CAPTURE_AUTORELEASING = YES;
				CLANG_WARN_BOOL_CONVERSION = YES;
				CLANG_WARN_COMMA = YES;
				CLANG_WARN_CONSTANT_CONVERSION = YES;
				CLANG_WARN_DEPRECATED_OBJC_IMPLEMENTATIONS = YES;
				CLANG_WARN_DIRECT_OBJC_ISA_USAGE = YES_ERROR;
				CLANG_WARN_DOCUMENTATION_COMMENTS = YES;
				CLANG_WARN_EMPTY_BODY = YES;
				CLANG_WARN_ENUM_CONVERSION = YES;
				CLANG_WARN_INFINITE_RECURSION = YES;
				CLANG_WARN_INT_CONVERSION = YES;
				CLANG_WARN_NON_LITERAL_NULL_CONVERSION = YES;
				CLANG_WARN_OBJC_IMPLICIT_RETAIN_SELF = YES;
				CLANG_WARN_OBJC_LITERAL_CONVERSION = YES;
				CLANG_WARN_OBJC_ROOT_CLASS = YES_ERROR;
				CLANG_WARN_QUOTED_INCLUDE_IN_FRAMEWORK_HEADER = YES;
				CLANG_WARN_RANGE_LOOP_ANALYSIS = YES;
				CLANG_WARN_STRICT_PROTOTYPES = YES;
				CLANG_WARN_SUSPICIOUS_MOVE = YES;
				CLANG_WARN_UNGUARDED_AVAILABILITY = YES_AGGRESSIVE;
				CLANG_WARN_UNREACHABLE_CODE = YES;
				CLANG_WARN__DUPLICATE_METHOD_MATCH = YES;
				COPY_PHASE_STRIP = NO;
				DEBUG_INFORMATION_FORMAT = dwarf;
				ENABLE_STRICT_OBJC_MSGSEND = YES;
				ENABLE_TESTABILITY = YES;
				GCC_C_LANGUAGE_STANDARD = gnu11;
				GCC_DYNAMIC_NO_PIC = NO;
				GCC_NO_COMMON_BLOCKS = YES;
				GCC_OPTIMIZATION_LEVEL = 0;
				GCC_PREPROCESSOR_DEFINITIONS = (
					"DEBUG=1",
					"$(inherited)",
				);
				GCC_WARN_64_TO_32_BIT_CONVERSION = YES;
				GCC_WARN_ABOUT_RETURN_TYPE = YES_ERROR;
				GCC_WARN_UNDECLARED_SELECTOR = YES;
				GCC_WARN_UNINITIALIZED_AUTOS = YES_AGGRESSIVE;
				GCC_WARN_UNUSED_FUNCTION = YES;
				GCC_WARN_UNUSED_VARIABLE = YES;
				MTL_ENABLE_DEBUG_INFO = INCLUDE_SOURCE;
				MTL_FAST_MATH = YES;
				ONLY_ACTIVE_ARCH = YES;
				SWIFT_ACTIVE_COMPILATION_CONDITIONS = DEBUG;
				SWIFT_OPTIMIZATION_LEVEL = "-Onone";
			};
			name = Debug;
		};
		23A0F6562799711B0044662A /* Release */ = {
			isa = XCBuildConfiguration;
			buildSettings = {
				ALWAYS_SEARCH_USER_PATHS = NO;
				CLANG_ANALYZER_NONNULL = YES;
				CLANG_ANALYZER_NUMBER_OBJECT_CONVERSION = YES_AGGRESSIVE;
				CLANG_CXX_LANGUAGE_STANDARD = "gnu++17";
				CLANG_CXX_LIBRARY = "libc++";
				CLANG_ENABLE_MODULES = YES;
				CLANG_ENABLE_OBJC_ARC = YES;
				CLANG_ENABLE_OBJC_WEAK = YES;
				CLANG_WARN_BLOCK_CAPTURE_AUTORELEASING = YES;
				CLANG_WARN_BOOL_CONVERSION = YES;
				CLANG_WARN_COMMA = YES;
				CLANG_WARN_CONSTANT_CONVERSION = YES;
				CLANG_WARN_DEPRECATED_OBJC_IMPLEMENTATIONS = YES;
				CLANG_WARN_DIRECT_OBJC_ISA_USAGE = YES_ERROR;
				CLANG_WARN_DOCUMENTATION_COMMENTS = YES;
				CLANG_WARN_EMPTY_BODY = YES;
				CLANG_WARN_ENUM_CONVERSION = YES;
				CLANG_WARN_INFINITE_RECURSION = YES;
				CLANG_WARN_INT_CONVERSION = YES;
				CLANG_WARN_NON_LITERAL_NULL_CONVERSION = YES;
				CLANG_WARN_OBJC_IMPLICIT_RETAIN_SELF = YES;
				CLANG_WARN_OBJC_LITERAL_CONVERSION = YES;
				CLANG_WARN_OBJC_ROOT_CLASS = YES_ERROR;
				CLANG_WARN_QUOTED_INCLUDE_IN_FRAMEWORK_HEADER = YES;
				CLANG_WARN_RANGE_LOOP_ANALYSIS = YES;
				CLANG_WARN_STRICT_PROTOTYPES = YES;
				CLANG_WARN_SUSPICIOUS_MOVE = YES;
				CLANG_WARN_UNGUARDED_AVAILABILITY = YES_AGGRESSIVE;
				CLANG_WARN_UNREACHABLE_CODE = YES;
				CLANG_WARN__DUPLICATE_METHOD_MATCH = YES;
				COPY_PHASE_STRIP = NO;
				DEBUG_INFORMATION_FORMAT = "dwarf-with-dsym";
				ENABLE_NS_ASSERTIONS = NO;
				ENABLE_STRICT_OBJC_MSGSEND = YES;
				GCC_C_LANGUAGE_STANDARD = gnu11;
				GCC_NO_COMMON_BLOCKS = YES;
				GCC_WARN_64_TO_32_BIT_CONVERSION = YES;
				GCC_WARN_ABOUT_RETURN_TYPE = YES_ERROR;
				GCC_WARN_UNDECLARED_SELECTOR = YES;
				GCC_WARN_UNINITIALIZED_AUTOS = YES_AGGRESSIVE;
				GCC_WARN_UNUSED_FUNCTION = YES;
				GCC_WARN_UNUSED_VARIABLE = YES;
				MTL_ENABLE_DEBUG_INFO = NO;
				MTL_FAST_MATH = YES;
				SWIFT_COMPILATION_MODE = wholemodule;
				SWIFT_OPTIMIZATION_LEVEL = "-O";
			};
			name = Release;
		};
		23A0F6582799711B0044662A /* Debug */ = {
			isa = XCBuildConfiguration;
			buildSettings = {
				ASSETCATALOG_COMPILER_APPICON_NAME = AppIcon;
				ASSETCATALOG_COMPILER_GLOBAL_ACCENT_COLOR_NAME = AccentColor;
				CODE_SIGN_STYLE = Automatic;
				CURRENT_PROJECT_VERSION = 1;
				ENABLE_PREVIEWS = YES;
				GENERATE_INFOPLIST_FILE = YES;
				INFOPLIST_KEY_UIApplicationSceneManifest_Generation = YES;
				INFOPLIST_KEY_UIApplicationSupportsIndirectInputEvents = YES;
				INFOPLIST_KEY_UILaunchScreen_Generation = YES;
				INFOPLIST_KEY_UISupportedInterfaceOrientations_iPad = "UIInterfaceOrientationPortrait UIInterfaceOrientationPortraitUpsideDown UIInterfaceOrientationLandscapeLeft UIInterfaceOrientationLandscapeRight";
				INFOPLIST_KEY_UISupportedInterfaceOrientations_iPhone = "UIInterfaceOrientationPortrait UIInterfaceOrientationLandscapeLeft UIInterfaceOrientationLandscapeRight";
				IPHONEOS_DEPLOYMENT_TARGET = 15.2;
				LD_RUNPATH_SEARCH_PATHS = (
					"$(inherited)",
					"@executable_path/Frameworks",
				);
				MARKETING_VERSION = 1.0;
				PRODUCT_BUNDLE_IDENTIFIER = com.example.RetroBubbleText;
				PRODUCT_NAME = RetroBubbleText;
				SDKROOT = iphoneos;
				SWIFT_EMIT_LOC_STRINGS = YES;
				SWIFT_VERSION = 5.0;
				TARGETED_DEVICE_FAMILY = "1,2";
			};
			name = Debug;
		};
		23A0F6592799711B0044662A /* Release */ = {
			isa = XCBuildConfiguration;
			buildSettings = {
				ASSETCATALOG_COMPILER_APPICON_NAME = AppIcon;
				ASSETCATALOG_COMPILER_GLOBAL_ACCENT_COLOR_NAME = AccentColor;
				CODE_SIGN_STYLE = Automatic;
				CURRENT_PROJECT_VERSION = 1;
				ENABLE_PREVIEWS = YES;
				GENERATE_INFOPLIST_FILE = YES;
				INFOPLIST_KEY_UIApplicationSceneManifest_Generation = YES;
				INFOPLIST_KEY_UIApplicationSupportsIndirectInputEvents = YES;
				INFOPLIST_KEY_UILaunchScreen_Generation = YES;
				INFOPLIST_KEY_UISupportedInterfaceOrientations_iPad = "UIInterfaceOrientationPortrait UIInterfaceOrientationPortraitUpsideDown UIInterfaceOrientationLandscapeLeft UIInterfaceOrientationLandscapeRight";
				INFOPLIST_KEY_UISupportedInterfaceOrientations_iPhone = "UIInterfaceOrientationPortrait UIInterfaceOrientationLandscapeLeft UIInterfaceOrientationLandscapeRight";
				IPHONEOS_DEPLOYMENT_TARGET = 15.2;
				LD_RUNPATH_SEARCH_PATHS = (
					"$(inherited)",
					"@executable_path/Frameworks",
				);
				MARKETING_VERSION = 1.0;
				PRODUCT_BUNDLE_IDENTIFIER = com.example.RetroBubbleText;
				PRODUCT_NAME = RetroBubbleText;
				SDKROOT = iphoneos;
				SWIFT_EMIT_LOC_STRINGS = YES;
				SWIFT_VERSION = 5.0;
				TARGETED_DEVICE_FAMILY = "1,2";
				VALIDATE_PRODUCT = YES;
			};
			name = Release;
		};
		23A0F65B2799711B0044662A /* Debug */ = {
			isa = XCBuildConfiguration;
			buildSettings = {
				ASSETCATALOG_COMPILER_APPICON_NAME = AppIcon;
				ASSETCATALOG_COMPILER_GLOBAL_ACCENT_COLOR_NAME = AccentColor;
				CODE_SIGN_ENTITLEMENTS = macOS/macOS.entitlements;
				CODE_SIGN_STYLE = Automatic;
				COMBINE_HIDPI_IMAGES = YES;
				CURRENT_PROJECT_VERSION = 1;
				ENABLE_PREVIEWS = YES;
				GENERATE_INFOPLIST_FILE = YES;
				INFOPLIST_KEY_NSHumanReadableCopyright = "";
				LD_RUNPATH_SEARCH_PATHS = (
					"$(inherited)",
					"@executable_path/../Frameworks",
				);
				MACOSX_DEPLOYMENT_TARGET = 12.0;
				MARKETING_VERSION = 1.0;
				PRODUCT_BUNDLE_IDENTIFIER = com.example.RetroBubbleText;
				PRODUCT_NAME = RetroBubbleText;
				SDKROOT = macosx;
				SWIFT_EMIT_LOC_STRINGS = YES;
				SWIFT_VERSION = 5.0;
			};
			name = Debug;
		};
		23A0F65C2799711B0044662A /* Release */ = {
			isa = XCBuildConfiguration;
			buildSettings = {
				ASSETCATALOG_COMPILER_APPICON_NAME = AppIcon;
				ASSETCATALOG_COMPILER_GLOBAL_ACCENT_COLOR_NAME = AccentColor;
				CODE_SIGN_ENTITLEMENTS = macOS/macOS.entitlements;
				CODE_SIGN_STYLE = Automatic;
				COMBINE_HIDPI_IMAGES = YES;
				CURRENT_PROJECT_VERSION = 1;
				ENABLE_PREVIEWS = YES;
				GENERATE_INFOPLIST_FILE = YES;
				INFOPLIST_KEY_NSHumanReadableCopyright = "";
				LD_RUNPATH_SEARCH_PATHS = (
					"$(inherited)",
					"@executable_path/../Frameworks",
				);
				MACOSX_DEPLOYMENT_TARGET = 12.0;
				MARKETING_VERSION = 1.0;
				PRODUCT_BUNDLE_IDENTIFIER = com.example.RetroBubbleText;
				PRODUCT_NAME = RetroBubbleText;
				SDKROOT = macosx;
				SWIFT_EMIT_LOC_STRINGS = YES;
				SWIFT_VERSION = 5.0;
			};
			name = Release;
		};
/* End XCBuildConfiguration section */

/* Begin XCConfigurationList section */
		23A0F63D2799711A0044662A /* Build configuration list for PBXProject "RetroBubbleText" */ = {
			isa = XCConfigurationList;
			buildConfigurations = (
				23A0F6552799711B0044662A /* Debug */,
				23A0F6562799711B0044662A /* Release */,
			);
			defaultConfigurationIsVisible = 0;
			defaultConfigurationName = Release;
		};
		23A0F6572799711B0044662A /* Build configuration list for PBXNativeTarget "RetroBubbleText (iOS)" */ = {
			isa = XCConfigurationList;
			buildConfigurations = (
				23A0F6582799711B0044662A /* Debug */,
				23A0F6592799711B0044662A /* Release */,
			);
			defaultConfigurationIsVisible = 0;
			defaultConfigurationName = Release;
		};
		23A0F65A2799711B0044662A /* Build configuration list for PBXNativeTarget "RetroBubbleText (macOS)" */ = {
			isa = XCConfigurationList;
			buildConfigurations = (
				23A0F65B2799711B0044662A /* Debug */,
				23A0F65C2799711B0044662A /* Release */,
			);
			defaultConfigurationIsVisible = 0;
			defaultConfigurationName = Release;
		};
/* End XCConfigurationList section */
	};
	rootObject = 23A0F63A2799711A0044662A /* Project object */;
}
